
Microsoft Visual Studio Solution File, Format Version 12.00
# Visual Studio Version 17
VisualStudioVersion = 17.5.002.0
MinimumVisualStudioVersion = 10.0.40219.1
Project("{9A19103F-16F7-4668-BE54-9A1E7A4F7556}") = "seminar01", "seminar01\seminar01.csproj", "{9FFACF54-91C0-4EB0-91EF-59CDEF844B34}"
EndProject
Project("{FAE04EC0-301F-11D3-BF4B-00C04F79EFBC}") = "dztest", "dztest\dztest.csproj", "{07376ABB-FEDF-4667-B475-249125BAE6B9}"
EndProject
Project("{2150E333-8FDC-42A3-9474-1A3956D46DE8}") = "seminar02", "seminar02", "{BB0C7BF3-4969-4C2A-AD2C-B0C91EEE378C}"
EndProject
Project("{FAE04EC0-301F-11D3-BF4B-00C04F79EFBC}") = "task01", "seminar02\task01\task01.csproj", "{21E0736E-52BB-47D8-A4AA-B217562CEF45}"
EndProject
Project("{2150E333-8FDC-42A3-9474-1A3956D46DE8}") = "dz02", "dz02", "{96B15B62-1FFE-4130-83BA-D9C2A889F18A}"
EndProject
Project("{FAE04EC0-301F-11D3-BF4B-00C04F79EFBC}") = "task1", "dz02\task1\task1.csproj", "{C2291060-B4B0-40D7-9055-0EE942BA2595}"
EndProject
Project("{FAE04EC0-301F-11D3-BF4B-00C04F79EFBC}") = "task2", "dz02\task2\task2.csproj", "{AC5930CF-6DB6-4260-8398-7D07A251375B}"
EndProject
Project("{FAE04EC0-301F-11D3-BF4B-00C04F79EFBC}") = "task3", "dz02\task3\task3.csproj", "{B5B3528D-A623-4B80-8540-CBFF56D5885F}"
EndProject
Project("{FAE04EC0-301F-11D3-BF4B-00C04F79EFBC}") = "task4", "dz02\task4\task4.csproj", "{2C0458F8-6B0B-4C69-BD9B-F96E3AA99DB9}"
EndProject
Project("{FAE04EC0-301F-11D3-BF4B-00C04F79EFBC}") = "seminar03", "seminar03\seminar03.csproj", "{0E926C8B-61B2-4C2F-B4C3-4CFF513E3D5E}"
EndProject
Project("{2150E333-8FDC-42A3-9474-1A3956D46DE8}") = "seminar03", "seminar03", "{40FB474C-2F3C-4271-8121-47D233C99F68}"
EndProject
Project("{FAE04EC0-301F-11D3-BF4B-00C04F79EFBC}") = "task01", "seminar03\task01\task01.csproj", "{8F4C0BA9-98D3-48B1-8F3D-00B511C81A40}"
EndProject
Project("{FAE04EC0-301F-11D3-BF4B-00C04F79EFBC}") = "task02", "seminar03\task02\task02.csproj", "{C927BACF-E4C6-4D9A-8D3C-D4F6F4CE2498}"
EndProject
Project("{FAE04EC0-301F-11D3-BF4B-00C04F79EFBC}") = "task03", "seminar03\task03\task03.csproj", "{8D8A3664-F624-4910-B493-8C57A488D670}"
EndProject
Project("{FAE04EC0-301F-11D3-BF4B-00C04F79EFBC}") = "task04", "seminar03\task04\task04.csproj", "{56EEC283-24FD-4F33-8F9D-5EA017074A80}"
EndProject
Global
	GlobalSection(SolutionConfigurationPlatforms) = preSolution
		Debug|Any CPU = Debug|Any CPU
		Release|Any CPU = Release|Any CPU
	EndGlobalSection
	GlobalSection(ProjectConfigurationPlatforms) = postSolution
		{9FFACF54-91C0-4EB0-91EF-59CDEF844B34}.Debug|Any CPU.ActiveCfg = Debug|Any CPU
		{9FFACF54-91C0-4EB0-91EF-59CDEF844B34}.Debug|Any CPU.Build.0 = Debug|Any CPU
		{9FFACF54-91C0-4EB0-91EF-59CDEF844B34}.Release|Any CPU.ActiveCfg = Release|Any CPU
		{9FFACF54-91C0-4EB0-91EF-59CDEF844B34}.Release|Any CPU.Build.0 = Release|Any CPU
		{07376ABB-FEDF-4667-B475-249125BAE6B9}.Debug|Any CPU.ActiveCfg = Debug|Any CPU
		{07376ABB-FEDF-4667-B475-249125BAE6B9}.Debug|Any CPU.Build.0 = Debug|Any CPU
		{07376ABB-FEDF-4667-B475-249125BAE6B9}.Release|Any CPU.ActiveCfg = Release|Any CPU
		{07376ABB-FEDF-4667-B475-249125BAE6B9}.Release|Any CPU.Build.0 = Release|Any CPU
		{21E0736E-52BB-47D8-A4AA-B217562CEF45}.Debug|Any CPU.ActiveCfg = Debug|Any CPU
		{21E0736E-52BB-47D8-A4AA-B217562CEF45}.Debug|Any CPU.Build.0 = Debug|Any CPU
		{21E0736E-52BB-47D8-A4AA-B217562CEF45}.Release|Any CPU.ActiveCfg = Release|Any CPU
		{21E0736E-52BB-47D8-A4AA-B217562CEF45}.Release|Any CPU.Build.0 = Release|Any CPU
		{C2291060-B4B0-40D7-9055-0EE942BA2595}.Debug|Any CPU.ActiveCfg = Debug|Any CPU
		{C2291060-B4B0-40D7-9055-0EE942BA2595}.Debug|Any CPU.Build.0 = Debug|Any CPU
		{C2291060-B4B0-40D7-9055-0EE942BA2595}.Release|Any CPU.ActiveCfg = Release|Any CPU
		{C2291060-B4B0-40D7-9055-0EE942BA2595}.Release|Any CPU.Build.0 = Release|Any CPU
		{AC5930CF-6DB6-4260-8398-7D07A251375B}.Debug|Any CPU.ActiveCfg = Debug|Any CPU
		{AC5930CF-6DB6-4260-8398-7D07A251375B}.Debug|Any CPU.Build.0 = Debug|Any CPU
		{AC5930CF-6DB6-4260-8398-7D07A251375B}.Release|Any CPU.ActiveCfg = Release|Any CPU
		{AC5930CF-6DB6-4260-8398-7D07A251375B}.Release|Any CPU.Build.0 = Release|Any CPU
		{B5B3528D-A623-4B80-8540-CBFF56D5885F}.Debug|Any CPU.ActiveCfg = Debug|Any CPU
		{B5B3528D-A623-4B80-8540-CBFF56D5885F}.Debug|Any CPU.Build.0 = Debug|Any CPU
		{B5B3528D-A623-4B80-8540-CBFF56D5885F}.Release|Any CPU.ActiveCfg = Release|Any CPU
		{B5B3528D-A623-4B80-8540-CBFF56D5885F}.Release|Any CPU.Build.0 = Release|Any CPU
		{2C0458F8-6B0B-4C69-BD9B-F96E3AA99DB9}.Debug|Any CPU.ActiveCfg = Debug|Any CPU
		{2C0458F8-6B0B-4C69-BD9B-F96E3AA99DB9}.Debug|Any CPU.Build.0 = Debug|Any CPU
		{2C0458F8-6B0B-4C69-BD9B-F96E3AA99DB9}.Release|Any CPU.ActiveCfg = Release|Any CPU
		{2C0458F8-6B0B-4C69-BD9B-F96E3AA99DB9}.Release|Any CPU.Build.0 = Release|Any CPU
		{0E926C8B-61B2-4C2F-B4C3-4CFF513E3D5E}.Debug|Any CPU.ActiveCfg = Debug|Any CPU
		{0E926C8B-61B2-4C2F-B4C3-4CFF513E3D5E}.Debug|Any CPU.Build.0 = Debug|Any CPU
		{0E926C8B-61B2-4C2F-B4C3-4CFF513E3D5E}.Release|Any CPU.ActiveCfg = Release|Any CPU
		{0E926C8B-61B2-4C2F-B4C3-4CFF513E3D5E}.Release|Any CPU.Build.0 = Release|Any CPU
		{8F4C0BA9-98D3-48B1-8F3D-00B511C81A40}.Debug|Any CPU.ActiveCfg = Debug|Any CPU
		{8F4C0BA9-98D3-48B1-8F3D-00B511C81A40}.Debug|Any CPU.Build.0 = Debug|Any CPU
		{8F4C0BA9-98D3-48B1-8F3D-00B511C81A40}.Release|Any CPU.ActiveCfg = Release|Any CPU
		{8F4C0BA9-98D3-48B1-8F3D-00B511C81A40}.Release|Any CPU.Build.0 = Release|Any CPU
		{C927BACF-E4C6-4D9A-8D3C-D4F6F4CE2498}.Debug|Any CPU.ActiveCfg = Debug|Any CPU
		{C927BACF-E4C6-4D9A-8D3C-D4F6F4CE2498}.Debug|Any CPU.Build.0 = Debug|Any CPU
		{C927BACF-E4C6-4D9A-8D3C-D4F6F4CE2498}.Release|Any CPU.ActiveCfg = Release|Any CPU
		{C927BACF-E4C6-4D9A-8D3C-D4F6F4CE2498}.Release|Any CPU.Build.0 = Release|Any CPU
		{8D8A3664-F624-4910-B493-8C57A488D670}.Debug|Any CPU.ActiveCfg = Debug|Any CPU
		{8D8A3664-F624-4910-B493-8C57A488D670}.Debug|Any CPU.Build.0 = Debug|Any CPU
		{8D8A3664-F624-4910-B493-8C57A488D670}.Release|Any CPU.ActiveCfg = Release|Any CPU
		{8D8A3664-F624-4910-B493-8C57A488D670}.Release|Any CPU.Build.0 = Release|Any CPU
		{56EEC283-24FD-4F33-8F9D-5EA017074A80}.Debug|Any CPU.ActiveCfg = Debug|Any CPU
		{56EEC283-24FD-4F33-8F9D-5EA017074A80}.Debug|Any CPU.Build.0 = Debug|Any CPU
		{56EEC283-24FD-4F33-8F9D-5EA017074A80}.Release|Any CPU.ActiveCfg = Release|Any CPU
		{56EEC283-24FD-4F33-8F9D-5EA017074A80}.Release|Any CPU.Build.0 = Release|Any CPU
	EndGlobalSection
	GlobalSection(SolutionProperties) = preSolution
		HideSolutionNode = FALSE
	EndGlobalSection
	GlobalSection(ExtensibilityGlobals) = postSolution
		SolutionGuid = {46532614-9556-43C8-B3BA-DEB5FE7670FF}
	EndGlobalSection
	GlobalSection(NestedProjects) = preSolution
		{21E0736E-52BB-47D8-A4AA-B217562CEF45} = {BB0C7BF3-4969-4C2A-AD2C-B0C91EEE378C}
		{C2291060-B4B0-40D7-9055-0EE942BA2595} = {96B15B62-1FFE-4130-83BA-D9C2A889F18A}
		{AC5930CF-6DB6-4260-8398-7D07A251375B} = {96B15B62-1FFE-4130-83BA-D9C2A889F18A}
		{B5B3528D-A623-4B80-8540-CBFF56D5885F} = {96B15B62-1FFE-4130-83BA-D9C2A889F18A}
		{2C0458F8-6B0B-4C69-BD9B-F96E3AA99DB9} = {96B15B62-1FFE-4130-83BA-D9C2A889F18A}
		{0E926C8B-61B2-4C2F-B4C3-4CFF513E3D5E} = {40FB474C-2F3C-4271-8121-47D233C99F68}
		{8F4C0BA9-98D3-48B1-8F3D-00B511C81A40} = {40FB474C-2F3C-4271-8121-47D233C99F68}
		{C927BACF-E4C6-4D9A-8D3C-D4F6F4CE2498} = {40FB474C-2F3C-4271-8121-47D233C99F68}
		{8D8A3664-F624-4910-B493-8C57A488D670} = {40FB474C-2F3C-4271-8121-47D233C99F68}
		{56EEC283-24FD-4F33-8F9D-5EA017074A80} = {40FB474C-2F3C-4271-8121-47D233C99F68}
	EndGlobalSection
EndGlobal
